// !$*UTF8*$!
{
	archiveVersion = 1;
	classes = {
	};
	objectVersion = 46;
	objects = {

/* Begin PBXBuildFile section */
		7962F584C07003486AD8E16C /* Pods_MenloCalendar.framework in Frameworks */ = {isa = PBXBuildFile; fileRef = 60608D874604E7B418A5C9EE /* Pods_MenloCalendar.framework */; };
		B58A07051D663E5800FE2EAA /* AppDelegate.swift in Sources */ = {isa = PBXBuildFile; fileRef = B58A07041D663E5800FE2EAA /* AppDelegate.swift */; };
		B58A07071D663E5800FE2EAA /* ViewController.swift in Sources */ = {isa = PBXBuildFile; fileRef = B58A07061D663E5800FE2EAA /* ViewController.swift */; };
		B58A070A1D663E5800FE2EAA /* Main.storyboard in Resources */ = {isa = PBXBuildFile; fileRef = B58A07081D663E5800FE2EAA /* Main.storyboard */; };
		B58A070C1D663E5800FE2EAA /* Assets.xcassets in Resources */ = {isa = PBXBuildFile; fileRef = B58A070B1D663E5800FE2EAA /* Assets.xcassets */; };
		B58A070F1D663E5800FE2EAA /* LaunchScreen.storyboard in Resources */ = {isa = PBXBuildFile; fileRef = B58A070D1D663E5800FE2EAA /* LaunchScreen.storyboard */; };
		B58A071A1D663E5800FE2EAA /* MenloCalendarTests.swift in Sources */ = {isa = PBXBuildFile; fileRef = B58A07191D663E5800FE2EAA /* MenloCalendarTests.swift */; };
		B58A07251D66671000FE2EAA /* CalendarView.framework in Frameworks */ = {isa = PBXBuildFile; fileRef = B58A07241D66671000FE2EAA /* CalendarView.framework */; };
		CC9D407FAF0651D4D8BA6734 /* Pods_MenloCalendarTests.framework in Frameworks */ = {isa = PBXBuildFile; fileRef = 3199103C34B993013AE3DF7F /* Pods_MenloCalendarTests.framework */; };
/* End PBXBuildFile section */

/* Begin PBXContainerItemProxy section */
		B58A07161D663E5800FE2EAA /* PBXContainerItemProxy */ = {
			isa = PBXContainerItemProxy;
			containerPortal = B58A06F91D663E5800FE2EAA /* Project object */;
			proxyType = 1;
			remoteGlobalIDString = B58A07001D663E5800FE2EAA;
			remoteInfo = MenloCalendar;
		};
/* End PBXContainerItemProxy section */

/* Begin PBXFileReference section */
		1B9A1FAB58FE6BAB7712EF22 /* Pods-MenloCalendar.debug.xcconfig */ = {isa = PBXFileReference; includeInIndex = 1; lastKnownFileType = text.xcconfig; name = "Pods-MenloCalendar.debug.xcconfig"; path = "Pods/Target Support Files/Pods-MenloCalendar/Pods-MenloCalendar.debug.xcconfig"; sourceTree = "<group>"; };
		3199103C34B993013AE3DF7F /* Pods_MenloCalendarTests.framework */ = {isa = PBXFileReference; explicitFileType = wrapper.framework; includeInIndex = 0; path = Pods_MenloCalendarTests.framework; sourceTree = BUILT_PRODUCTS_DIR; };
		4485320DFBAAFC4C63ED7D96 /* Pods-MenloCalendarTests.debug.xcconfig */ = {isa = PBXFileReference; includeInIndex = 1; lastKnownFileType = text.xcconfig; name = "Pods-MenloCalendarTests.debug.xcconfig"; path = "Pods/Target Support Files/Pods-MenloCalendarTests/Pods-MenloCalendarTests.debug.xcconfig"; sourceTree = "<group>"; };
		60608D874604E7B418A5C9EE /* Pods_MenloCalendar.framework */ = {isa = PBXFileReference; explicitFileType = wrapper.framework; includeInIndex = 0; path = Pods_MenloCalendar.framework; sourceTree = BUILT_PRODUCTS_DIR; };
		7A8BBAA8C6294D6292D3836C /* Pods-MenloCalendar.release.xcconfig */ = {isa = PBXFileReference; includeInIndex = 1; lastKnownFileType = text.xcconfig; name = "Pods-MenloCalendar.release.xcconfig"; path = "Pods/Target Support Files/Pods-MenloCalendar/Pods-MenloCalendar.release.xcconfig"; sourceTree = "<group>"; };
		8F64214DE13B23FB6B5EB99B /* Pods-MenloCalendarTests.release.xcconfig */ = {isa = PBXFileReference; includeInIndex = 1; lastKnownFileType = text.xcconfig; name = "Pods-MenloCalendarTests.release.xcconfig"; path = "Pods/Target Support Files/Pods-MenloCalendarTests/Pods-MenloCalendarTests.release.xcconfig"; sourceTree = "<group>"; };
		B58A07011D663E5800FE2EAA /* MenloCalendar.app */ = {isa = PBXFileReference; explicitFileType = wrapper.application; includeInIndex = 0; path = MenloCalendar.app; sourceTree = BUILT_PRODUCTS_DIR; };
		B58A07041D663E5800FE2EAA /* AppDelegate.swift */ = {isa = PBXFileReference; lastKnownFileType = sourcecode.swift; path = AppDelegate.swift; sourceTree = "<group>"; };
		B58A07061D663E5800FE2EAA /* ViewController.swift */ = {isa = PBXFileReference; lastKnownFileType = sourcecode.swift; path = ViewController.swift; sourceTree = "<group>"; };
		B58A07091D663E5800FE2EAA /* Base */ = {isa = PBXFileReference; lastKnownFileType = file.storyboard; name = Base; path = Base.lproj/Main.storyboard; sourceTree = "<group>"; };
		B58A070B1D663E5800FE2EAA /* Assets.xcassets */ = {isa = PBXFileReference; lastKnownFileType = folder.assetcatalog; path = Assets.xcassets; sourceTree = "<group>"; };
		B58A070E1D663E5800FE2EAA /* Base */ = {isa = PBXFileReference; lastKnownFileType = file.storyboard; name = Base; path = Base.lproj/LaunchScreen.storyboard; sourceTree = "<group>"; };
		B58A07101D663E5800FE2EAA /* Info.plist */ = {isa = PBXFileReference; lastKnownFileType = text.plist.xml; path = Info.plist; sourceTree = "<group>"; };
		B58A07151D663E5800FE2EAA /* MenloCalendarTests.xctest */ = {isa = PBXFileReference; explicitFileType = wrapper.cfbundle; includeInIndex = 0; path = MenloCalendarTests.xctest; sourceTree = BUILT_PRODUCTS_DIR; };
		B58A07191D663E5800FE2EAA /* MenloCalendarTests.swift */ = {isa = PBXFileReference; lastKnownFileType = sourcecode.swift; path = MenloCalendarTests.swift; sourceTree = "<group>"; };
		B58A071B1D663E5800FE2EAA /* Info.plist */ = {isa = PBXFileReference; lastKnownFileType = text.plist.xml; path = Info.plist; sourceTree = "<group>"; };
		B58A07241D66671000FE2EAA /* CalendarView.framework */ = {isa = PBXFileReference; lastKnownFileType = wrapper.framework; name = CalendarView.framework; path = "Pods/../build/Debug-iphoneos/CalendarView/CalendarView.framework"; sourceTree = "<group>"; };
/* End PBXFileReference section */

/* Begin PBXFrameworksBuildPhase section */
		B58A06FE1D663E5800FE2EAA /* Frameworks */ = {
			isa = PBXFrameworksBuildPhase;
			buildActionMask = 2147483647;
			files = (
				B58A07251D66671000FE2EAA /* CalendarView.framework in Frameworks */,
				7962F584C07003486AD8E16C /* Pods_MenloCalendar.framework in Frameworks */,
			);
			runOnlyForDeploymentPostprocessing = 0;
		};
		B58A07121D663E5800FE2EAA /* Frameworks */ = {
			isa = PBXFrameworksBuildPhase;
			buildActionMask = 2147483647;
			files = (
				CC9D407FAF0651D4D8BA6734 /* Pods_MenloCalendarTests.framework in Frameworks */,
			);
			runOnlyForDeploymentPostprocessing = 0;
		};
/* End PBXFrameworksBuildPhase section */

/* Begin PBXGroup section */
		5A746034AEFABC8CF9DFD697 /* Frameworks */ = {
			isa = PBXGroup;
			children = (
				B58A07241D66671000FE2EAA /* CalendarView.framework */,
				60608D874604E7B418A5C9EE /* Pods_MenloCalendar.framework */,
				3199103C34B993013AE3DF7F /* Pods_MenloCalendarTests.framework */,
			);
			name = Frameworks;
			sourceTree = "<group>";
		};
		B58A06F81D663E5800FE2EAA = {
			isa = PBXGroup;
			children = (
				B58A07031D663E5800FE2EAA /* MenloCalendar */,
				B58A07181D663E5800FE2EAA /* MenloCalendarTests */,
				B58A07021D663E5800FE2EAA /* Products */,
				DEA9F9C5743CCB10CADADD8F /* Pods */,
				5A746034AEFABC8CF9DFD697 /* Frameworks */,
			);
			sourceTree = "<group>";
		};
		B58A07021D663E5800FE2EAA /* Products */ = {
			isa = PBXGroup;
			children = (
				B58A07011D663E5800FE2EAA /* MenloCalendar.app */,
				B58A07151D663E5800FE2EAA /* MenloCalendarTests.xctest */,
			);
			name = Products;
			sourceTree = "<group>";
		};
		B58A07031D663E5800FE2EAA /* MenloCalendar */ = {
			isa = PBXGroup;
			children = (
				B58A07041D663E5800FE2EAA /* AppDelegate.swift */,
				B58A07061D663E5800FE2EAA /* ViewController.swift */,
				B58A07081D663E5800FE2EAA /* Main.storyboard */,
				B58A070B1D663E5800FE2EAA /* Assets.xcassets */,
				B58A070D1D663E5800FE2EAA /* LaunchScreen.storyboard */,
				B58A07101D663E5800FE2EAA /* Info.plist */,
			);
			path = MenloCalendar;
			sourceTree = "<group>";
		};
		B58A07181D663E5800FE2EAA /* MenloCalendarTests */ = {
			isa = PBXGroup;
			children = (
				B58A07191D663E5800FE2EAA /* MenloCalendarTests.swift */,
				B58A071B1D663E5800FE2EAA /* Info.plist */,
			);
			path = MenloCalendarTests;
			sourceTree = "<group>";
		};
		DEA9F9C5743CCB10CADADD8F /* Pods */ = {
			isa = PBXGroup;
			children = (
				1B9A1FAB58FE6BAB7712EF22 /* Pods-MenloCalendar.debug.xcconfig */,
				7A8BBAA8C6294D6292D3836C /* Pods-MenloCalendar.release.xcconfig */,
				4485320DFBAAFC4C63ED7D96 /* Pods-MenloCalendarTests.debug.xcconfig */,
				8F64214DE13B23FB6B5EB99B /* Pods-MenloCalendarTests.release.xcconfig */,
			);
			name = Pods;
			sourceTree = "<group>";
		};
/* End PBXGroup section */

/* Begin PBXNativeTarget section */
		B58A07001D663E5800FE2EAA /* MenloCalendar */ = {
			isa = PBXNativeTarget;
			buildConfigurationList = B58A071E1D663E5800FE2EAA /* Build configuration list for PBXNativeTarget "MenloCalendar" */;
			buildPhases = (
				085588C5EAA43961F1BE67C2 /* [CP] Check Pods Manifest.lock */,
				B58A06FD1D663E5800FE2EAA /* Sources */,
				B58A06FE1D663E5800FE2EAA /* Frameworks */,
				B58A06FF1D663E5800FE2EAA /* Resources */,
				746F9969C2512032496FD09F /* [CP] Embed Pods Frameworks */,
				AF95613E2C9B0789BAA221F1 /* [CP] Copy Pods Resources */,
			);
			buildRules = (
			);
			dependencies = (
			);
			name = MenloCalendar;
			productName = MenloCalendar;
			productReference = B58A07011D663E5800FE2EAA /* MenloCalendar.app */;
			productType = "com.apple.product-type.application";
		};
		B58A07141D663E5800FE2EAA /* MenloCalendarTests */ = {
			isa = PBXNativeTarget;
			buildConfigurationList = B58A07211D663E5800FE2EAA /* Build configuration list for PBXNativeTarget "MenloCalendarTests" */;
			buildPhases = (
				E51F5DB61DBA1B63752463EB /* [CP] Check Pods Manifest.lock */,
				B58A07111D663E5800FE2EAA /* Sources */,
				B58A07121D663E5800FE2EAA /* Frameworks */,
				B58A07131D663E5800FE2EAA /* Resources */,
				E8CE47A1939152F2777E5EB3 /* [CP] Embed Pods Frameworks */,
				E114D826DAD3D50A02EA082F /* [CP] Copy Pods Resources */,
			);
			buildRules = (
			);
			dependencies = (
				B58A07171D663E5800FE2EAA /* PBXTargetDependency */,
			);
			name = MenloCalendarTests;
			productName = MenloCalendarTests;
			productReference = B58A07151D663E5800FE2EAA /* MenloCalendarTests.xctest */;
			productType = "com.apple.product-type.bundle.unit-test";
		};
/* End PBXNativeTarget section */

/* Begin PBXProject section */
		B58A06F91D663E5800FE2EAA /* Project object */ = {
			isa = PBXProject;
			attributes = {
				LastSwiftUpdateCheck = 0720;
				LastUpgradeCheck = 0720;
				ORGANIZATIONNAME = "Ben Siminoff";
				TargetAttributes = {
					B58A07001D663E5800FE2EAA = {
						CreatedOnToolsVersion = 7.2.1;
					};
					B58A07141D663E5800FE2EAA = {
						CreatedOnToolsVersion = 7.2.1;
						TestTargetID = B58A07001D663E5800FE2EAA;
					};
				};
			};
			buildConfigurationList = B58A06FC1D663E5800FE2EAA /* Build configuration list for PBXProject "MenloCalendar" */;
			compatibilityVersion = "Xcode 3.2";
			developmentRegion = English;
			hasScannedForEncodings = 0;
			knownRegions = (
				en,
				Base,
			);
			mainGroup = B58A06F81D663E5800FE2EAA;
			productRefGroup = B58A07021D663E5800FE2EAA /* Products */;
			projectDirPath = "";
			projectRoot = "";
			targets = (
				B58A07001D663E5800FE2EAA /* MenloCalendar */,
				B58A07141D663E5800FE2EAA /* MenloCalendarTests */,
			);
		};
/* End PBXProject section */

/* Begin PBXResourcesBuildPhase section */
		B58A06FF1D663E5800FE2EAA /* Resources */ = {
			isa = PBXResourcesBuildPhase;
			buildActionMask = 2147483647;
			files = (
				B58A070F1D663E5800FE2EAA /* LaunchScreen.storyboard in Resources */,
				B58A070C1D663E5800FE2EAA /* Assets.xcassets in Resources */,
				B58A070A1D663E5800FE2EAA /* Main.storyboard in Resources */,
			);
			runOnlyForDeploymentPostprocessing = 0;
		};
		B58A07131D663E5800FE2EAA /* Resources */ = {
			isa = PBXResourcesBuildPhase;
			buildActionMask = 2147483647;
			files = (
			);
			runOnlyForDeploymentPostprocessing = 0;
		};
/* End PBXResourcesBuildPhase section */

/* Begin PBXShellScriptBuildPhase section */
		085588C5EAA43961F1BE67C2 /* [CP] Check Pods Manifest.lock */ = {
			isa = PBXShellScriptBuildPhase;
			buildActionMask = 2147483647;
			files = (
			);
			inputPaths = (
			);
			name = "[CP] Check Pods Manifest.lock";
			outputPaths = (
			);
			runOnlyForDeploymentPostprocessing = 0;
			shellPath = /bin/sh;
			shellScript = "diff \"${PODS_ROOT}/../Podfile.lock\" \"${PODS_ROOT}/Manifest.lock\" > /dev/null\nif [[ $? != 0 ]] ; then\n    cat << EOM\nerror: The sandbox is not in sync with the Podfile.lock. Run 'pod install' or update your CocoaPods installation.\nEOM\n    exit 1\nfi\n";
			showEnvVarsInLog = 0;
		};
		746F9969C2512032496FD09F /* [CP] Embed Pods Frameworks */ = {
			isa = PBXShellScriptBuildPhase;
			buildActionMask = 2147483647;
			files = (
			);
			inputPaths = (
			);
			name = "[CP] Embed Pods Frameworks";
			outputPaths = (
			);
			runOnlyForDeploymentPostprocessing = 0;
			shellPath = /bin/sh;
			shellScript = "\"${SRCROOT}/Pods/Target Support Files/Pods-MenloCalendar/Pods-MenloCalendar-frameworks.sh\"\n";
			showEnvVarsInLog = 0;
		};
		AF95613E2C9B0789BAA221F1 /* [CP] Copy Pods Resources */ = {
			isa = PBXShellScriptBuildPhase;
			buildActionMask = 2147483647;
			files = (
			);
			inputPaths = (
			);
			name = "[CP] Copy Pods Resources";
			outputPaths = (
			);
			runOnlyForDeploymentPostprocessing = 0;
			shellPath = /bin/sh;
			shellScript = "\"${SRCROOT}/Pods/Target Support Files/Pods-MenloCalendar/Pods-MenloCalendar-resources.sh\"\n";
			showEnvVarsInLog = 0;
		};
		E114D826DAD3D50A02EA082F /* [CP] Copy Pods Resources */ = {
			isa = PBXShellScriptBuildPhase;
			buildActionMask = 2147483647;
			files = (
			);
			inputPaths = (
			);
			name = "[CP] Copy Pods Resources";
			outputPaths = (
			);
			runOnlyForDeploymentPostprocessing = 0;
			shellPath = /bin/sh;
			shellScript = "\"${SRCROOT}/Pods/Target Support Files/Pods-MenloCalendarTests/Pods-MenloCalendarTests-resources.sh\"\n";
			showEnvVarsInLog = 0;
		};
		E51F5DB61DBA1B63752463EB /* [CP] Check Pods Manifest.lock */ = {
			isa = PBXShellScriptBuildPhase;
			buildActionMask = 2147483647;
			files = (
			);
			inputPaths = (
			);
			name = "[CP] Check Pods Manifest.lock";
			outputPaths = (
			);
			runOnlyForDeploymentPostprocessing = 0;
			shellPath = /bin/sh;
			shellScript = "diff \"${PODS_ROOT}/../Podfile.lock\" \"${PODS_ROOT}/Manifest.lock\" > /dev/null\nif [[ $? != 0 ]] ; then\n    cat << EOM\nerror: The sandbox is not in sync with the Podfile.lock. Run 'pod install' or update your CocoaPods installation.\nEOM\n    exit 1\nfi\n";
			showEnvVarsInLog = 0;
		};
		E8CE47A1939152F2777E5EB3 /* [CP] Embed Pods Frameworks */ = {
			isa = PBXShellScriptBuildPhase;
			buildActionMask = 2147483647;
			files = (
			);
			inputPaths = (
			);
			name = "[CP] Embed Pods Frameworks";
			outputPaths = (
			);
			runOnlyForDeploymentPostprocessing = 0;
			shellPath = /bin/sh;
			shellScript = "\"${SRCROOT}/Pods/Target Support Files/Pods-MenloCalendarTests/Pods-MenloCalendarTests-frameworks.sh\"\n";
			showEnvVarsInLog = 0;
		};
/* End PBXShellScriptBuildPhase section */

/* Begin PBXSourcesBuildPhase section */
		B58A06FD1D663E5800FE2EAA /* Sources */ = {
			isa = PBXSourcesBuildPhase;
			buildActionMask = 2147483647;
			files = (
				B58A07071D663E5800FE2EAA /* ViewController.swift in Sources */,
				B58A07051D663E5800FE2EAA /* AppDelegate.swift in Sources */,
			);
			runOnlyForDeploymentPostprocessing = 0;
		};
		B58A07111D663E5800FE2EAA /* Sources */ = {
			isa = PBXSourcesBuildPhase;
			buildActionMask = 2147483647;
			files = (
				B58A071A1D663E5800FE2EAA /* MenloCalendarTests.swift in Sources */,
			);
			runOnlyForDeploymentPostprocessing = 0;
		};
/* End PBXSourcesBuildPhase section */

/* Begin PBXTargetDependency section */
		B58A07171D663E5800FE2EAA /* PBXTargetDependency */ = {
			isa = PBXTargetDependency;
			target = B58A07001D663E5800FE2EAA /* MenloCalendar */;
			targetProxy = B58A07161D663E5800FE2EAA /* PBXContainerItemProxy */;
		};
/* End PBXTargetDependency section */

/* Begin PBXVariantGroup section */
		B58A07081D663E5800FE2EAA /* Main.storyboard */ = {
			isa = PBXVariantGroup;
			children = (
				B58A07091D663E5800FE2EAA /* Base */,
			);
			name = Main.storyboard;
			sourceTree = "<group>";
		};
		B58A070D1D663E5800FE2EAA /* LaunchScreen.storyboard */ = {
			isa = PBXVariantGroup;
			children = (
				B58A070E1D663E5800FE2EAA /* Base */,
			);
			name = LaunchScreen.storyboard;
			sourceTree = "<group>";
		};
/* End PBXVariantGroup section */

/* Begin XCBuildConfiguration section */
		B58A071C1D663E5800FE2EAA /* Debug */ = {
			isa = XCBuildConfiguration;
			buildSettings = {
				ALWAYS_SEARCH_USER_PATHS = NO;
				CLANG_CXX_LANGUAGE_STANDARD = "gnu++0x";
				CLANG_CXX_LIBRARY = "libc++";
				CLANG_ENABLE_MODULES = YES;
				CLANG_ENABLE_OBJC_ARC = YES;
				CLANG_WARN_BOOL_CONVERSION = YES;
				CLANG_WARN_CONSTANT_CONVERSION = YES;
				CLANG_WARN_DIRECT_OBJC_ISA_USAGE = YES_ERROR;
				CLANG_WARN_EMPTY_BODY = YES;
				CLANG_WARN_ENUM_CONVERSION = YES;
				CLANG_WARN_INT_CONVERSION = YES;
				CLANG_WARN_OBJC_ROOT_CLASS = YES_ERROR;
				CLANG_WARN_UNREACHABLE_CODE = YES;
				CLANG_WARN__DUPLICATE_METHOD_MATCH = YES;
				"CODE_SIGN_IDENTITY[sdk=iphoneos*]" = "iPhone Developer";
				COPY_PHASE_STRIP = NO;
				DEBUG_INFORMATION_FORMAT = dwarf;
				ENABLE_STRICT_OBJC_MSGSEND = YES;
				ENABLE_TESTABILITY = YES;
				GCC_C_LANGUAGE_STANDARD = gnu99;
				GCC_DYNAMIC_NO_PIC = NO;
				GCC_NO_COMMON_BLOCKS = YES;
				GCC_OPTIMIZATION_LEVEL = 0;
				GCC_PREPROCESSOR_DEFINITIONS = (
					"DEBUG=1",
					"$(inherited)",
				);
				GCC_WARN_64_TO_32_BIT_CONVERSION = YES;
				GCC_WARN_ABOUT_RETURN_TYPE = YES_ERROR;
				GCC_WARN_UNDECLARED_SELECTOR = YES;
				GCC_WARN_UNINITIALIZED_AUTOS = YES_AGGRESSIVE;
				GCC_WARN_UNUSED_FUNCTION = YES;
				GCC_WARN_UNUSED_VARIABLE = YES;
				IPHONEOS_DEPLOYMENT_TARGET = 9.2;
				MTL_ENABLE_DEBUG_INFO = YES;
				ONLY_ACTIVE_ARCH = YES;
				SDKROOT = iphoneos;
				SWIFT_OPTIMIZATION_LEVEL = "-Onone";
				TARGETED_DEVICE_FAMILY = "1,2";
			};
			name = Debug;
		};
		B58A071D1D663E5800FE2EAA /* Release */ = {
			isa = XCBuildConfiguration;
			buildSettings = {
				ALWAYS_SEARCH_USER_PATHS = NO;
				CLANG_CXX_LANGUAGE_STANDARD = "gnu++0x";
				CLANG_CXX_LIBRARY = "libc++";
				CLANG_ENABLE_MODULES = YES;
				CLANG_ENABLE_OBJC_ARC = YES;
				CLANG_WARN_BOOL_CONVERSION = YES;
				CLANG_WARN_CONSTANT_CONVERSION = YES;
				CLANG_WARN_DIRECT_OBJC_ISA_USAGE = YES_ERROR;
				CLANG_WARN_EMPTY_BODY = YES;
				CLANG_WARN_ENUM_CONVERSION = YES;
				CLANG_WARN_INT_CONVERSION = YES;
				CLANG_WARN_OBJC_ROOT_CLASS = YES_ERROR;
				CLANG_WARN_UNREACHABLE_CODE = YES;
				CLANG_WARN__DUPLICATE_METHOD_MATCH = YES;
				"CODE_SIGN_IDENTITY[sdk=iphoneos*]" = "iPhone Developer";
				COPY_PHASE_STRIP = NO;
				DEBUG_INFORMATION_FORMAT = "dwarf-with-dsym";
				ENABLE_NS_ASSERTIONS = NO;
				ENABLE_STRICT_OBJC_MSGSEND = YES;
				GCC_C_LANGUAGE_STANDARD = gnu99;
				GCC_NO_COMMON_BLOCKS = YES;
				GCC_WARN_64_TO_32_BIT_CONVERSION = YES;
				GCC_WARN_ABOUT_RETURN_TYPE = YES_ERROR;
				GCC_WARN_UNDECLARED_SELECTOR = YES;
				GCC_WARN_UNINITIALIZED_AUTOS = YES_AGGRESSIVE;
				GCC_WARN_UNUSED_FUNCTION = YES;
				GCC_WARN_UNUSED_VARIABLE = YES;
				IPHONEOS_DEPLOYMENT_TARGET = 9.2;
				MTL_ENABLE_DEBUG_INFO = NO;
				SDKROOT = iphoneos;
				TARGETED_DEVICE_FAMILY = "1,2";
				VALIDATE_PRODUCT = YES;
			};
			name = Release;
		};
		B58A071F1D663E5800FE2EAA /* Debug */ = {
			isa = XCBuildConfiguration;
			baseConfigurationReference = 1B9A1FAB58FE6BAB7712EF22 /* Pods-MenloCalendar.debug.xcconfig */;
			buildSettings = {
				ASSETCATALOG_COMPILER_APPICON_NAME = AppIcon;
				FRAMEWORK_SEARCH_PATHS = (
					"$(inherited)",
					"$(PROJECT_DIR)/build/Debug-iphoneos/CalendarView",
				);
				INFOPLIST_FILE = MenloCalendar/Info.plist;
				LD_RUNPATH_SEARCH_PATHS = "$(inherited) @executable_path/Frameworks";
				PRODUCT_BUNDLE_IDENTIFIER = com.example.MenloCalendar;
				PRODUCT_NAME = "$(TARGET_NAME)";
			};
			name = Debug;
		};
		B58A07201D663E5800FE2EAA /* Release */ = {
			isa = XCBuildConfiguration;
			baseConfigurationReference = 7A8BBAA8C6294D6292D3836C /* Pods-MenloCalendar.release.xcconfig */;
			buildSettings = {
				ASSETCATALOG_COMPILER_APPICON_NAME = AppIcon;
				FRAMEWORK_SEARCH_PATHS = (
					"$(inherited)",
					"$(PROJECT_DIR)/build/Debug-iphoneos/CalendarView",
				);
				INFOPLIST_FILE = MenloCalendar/Info.plist;
				LD_RUNPATH_SEARCH_PATHS = "$(inherited) @executable_path/Frameworks";
				PRODUCT_BUNDLE_IDENTIFIER = com.example.MenloCalendar;
				PRODUCT_NAME = "$(TARGET_NAME)";
			};
			name = Release;
		};
		B58A07221D663E5800FE2EAA /* Debug */ = {
			isa = XCBuildConfiguration;
			baseConfigurationReference = 4485320DFBAAFC4C63ED7D96 /* Pods-MenloCalendarTests.debug.xcconfig */;
			buildSettings = {
				BUNDLE_LOADER = "$(TEST_HOST)";
				INFOPLIST_FILE = MenloCalendarTests/Info.plist;
				LD_RUNPATH_SEARCH_PATHS = "$(inherited) @executable_path/Frameworks @loader_path/Frameworks";
				PRODUCT_BUNDLE_IDENTIFIER = com.example.MenloCalendarTests;
				PRODUCT_NAME = "$(TARGET_NAME)";
				TEST_HOST = "$(BUILT_PRODUCTS_DIR)/MenloCalendar.app/MenloCalendar";
			};
			name = Debug;
		};
		B58A07231D663E5800FE2EAA /* Release */ = {
			isa = XCBuildConfiguration;
			baseConfigurationReference = 8F64214DE13B23FB6B5EB99B /* Pods-MenloCalendarTests.release.xcconfig */;
			buildSettings = {
				BUNDLE_LOADER = "$(TEST_HOST)";
				INFOPLIST_FILE = MenloCalendarTests/Info.plist;
				LD_RUNPATH_SEARCH_PATHS = "$(inherited) @executable_path/Frameworks @loader_path/Frameworks";
				PRODUCT_BUNDLE_IDENTIFIER = com.example.MenloCalendarTests;
				PRODUCT_NAME = "$(TARGET_NAME)";
				TEST_HOST = "$(BUILT_PRODUCTS_DIR)/MenloCalendar.app/MenloCalendar";
			};
			name = Release;
		};
/* End XCBuildConfiguration section */

/* Begin XCConfigurationList section */
		B58A06FC1D663E5800FE2EAA /* Build configuration list for PBXProject "MenloCalendar" */ = {
			isa = XCConfigurationList;
			buildConfigurations = (
				B58A071C1D663E5800FE2EAA /* Debug */,
				B58A071D1D663E5800FE2EAA /* Release */,
			);
			defaultConfigurationIsVisible = 0;
			defaultConfigurationName = Release;
		};
		B58A071E1D663E5800FE2EAA /* Build configuration list for PBXNativeTarget "MenloCalendar" */ = {
			isa = XCConfigurationList;
			buildConfigurations = (
				B58A071F1D663E5800FE2EAA /* Debug */,
				B58A07201D663E5800FE2EAA /* Release */,
			);
			defaultConfigurationIsVisible = 0;
			defaultConfigurationName = Release;
		};
		B58A07211D663E5800FE2EAA /* Build configuration list for PBXNativeTarget "MenloCalendarTests" */ = {
			isa = XCConfigurationList;
			buildConfigurations = (
				B58A07221D663E5800FE2EAA /* Debug */,
				B58A07231D663E5800FE2EAA /* Release */,
			);
			defaultConfigurationIsVisible = 0;
			defaultConfigurationName = Release;
		};
/* End XCConfigurationList section */
	};
	rootObject = B58A06F91D663E5800FE2EAA /* Project object */;
}
